<?xml version="1.0" encoding="utf-8"?>
<Project ToolsVersion="15.0" xmlns="http://schemas.microsoft.com/developer/msbuild/2003">
  <ItemGroup>
    <Filter Include="Source Files">
      <UniqueIdentifier>{4FC737F1-C7A5-4376-A066-2A32D752A2FF}</UniqueIdentifier>
      <Extensions>cpp;c;cc;cxx;def;odl;idl;hpj;bat;asm;asmx</Extensions>
    </Filter>
    <Filter Include="Resource Files">
      <UniqueIdentifier>{67DA6AB6-F800-4c08-8B7A-83BB121AAD01}</UniqueIdentifier>
      <Extensions>rc;ico;cur;bmp;dlg;rc2;rct;bin;rgs;gif;jpg;jpeg;jpe;resx;tiff;tif;png;wav;mfcribbon-ms</Extensions>
    </Filter>
    <Filter Include="Shaders">
      <UniqueIdentifier>{06dcf987-d5c3-489b-aa0a-88d547a323d5}</UniqueIdentifier>
    </Filter>
    <Filter Include="Source Files\Engine">
      <UniqueIdentifier>{61370c8e-b3d0-4605-a0f5-c798cc9c0cb0}</UniqueIdentifier>
    </Filter>
    <Filter Include="Source Files\Content">
      <UniqueIdentifier>{ef0a23ef-9546-4755-87c3-2d29115ef49f}</UniqueIdentifier>
    </Filter>
    <Filter Include="Source Files\Engine\Manager">
      <UniqueIdentifier>{a22da13f-634d-4dd7-8d11-4a4076be1902}</UniqueIdentifier>
    </Filter>
    <Filter Include="Source Files\Engine\Header">
      <UniqueIdentifier>{e9696d36-7191-4c77-81c8-58535cc5a497}</UniqueIdentifier>
    </Filter>
    <Filter Include="Source Files\Engine\Object">
      <UniqueIdentifier>{6d9bbe7c-bce8-4d04-9039-36a0e54fb883}</UniqueIdentifier>
    </Filter>
    <Filter Include="Source Files\Engine\Object\Actor">
      <UniqueIdentifier>{702e50a6-c081-4422-be37-543896470280}</UniqueIdentifier>
    </Filter>
    <Filter Include="Source Files\Engine\Object\Component">
      <UniqueIdentifier>{62745315-092c-4317-9417-9acc7111e54e}</UniqueIdentifier>
    </Filter>
    <Filter Include="Source Files\Engine\Scene">
      <UniqueIdentifier>{b33d2264-24e3-4cc5-b73b-aa2d6e0085a9}</UniqueIdentifier>
    </Filter>
    <Filter Include="Source Files\Engine\Model">
      <UniqueIdentifier>{ccce10cb-702e-4a9c-b977-4b256c1ecd70}</UniqueIdentifier>
    </Filter>
    <Filter Include="Source Files\Engine\UI">
      <UniqueIdentifier>{49dec0ab-da12-4ce4-ae09-278deb0f1f45}</UniqueIdentifier>
    </Filter>
    <Filter Include="Source Files\Engine\UI\Test">
      <UniqueIdentifier>{4b3b0452-dd9e-40b5-b957-1a8bd086d241}</UniqueIdentifier>
    </Filter>
  </ItemGroup>
  <ItemGroup>
    <ClCompile Include="Main.cpp">
      <Filter>Source Files</Filter>
    </ClCompile>
    <ClCompile Include="pch.cpp" />
    <ClCompile Include="EngineCore.cpp">
      <Filter>Source Files\Engine</Filter>
    </ClCompile>
    <ClCompile Include="define.cpp">
      <Filter>Source Files\Engine\Header</Filter>
    </ClCompile>
    <ClCompile Include="Scene.cpp">
      <Filter>Source Files\Engine\Scene</Filter>
    </ClCompile>
    <ClCompile Include="constVar.cpp">
      <Filter>Source Files\Engine\Header</Filter>
    </ClCompile>
    <ClCompile Include="Object.cpp">
      <Filter>Source Files\Engine\Object</Filter>
    </ClCompile>
    <ClCompile Include="SceneManager.cpp">
      <Filter>Source Files\Engine\Manager</Filter>
    </ClCompile>
    <ClCompile Include="Actor.cpp">
      <Filter>Source Files\Engine\Object\Actor</Filter>
    </ClCompile>
    <ClCompile Include="Component.cpp">
      <Filter>Source Files\Engine\Object\Component</Filter>
    </ClCompile>
    <ClCompile Include="ModelData.cpp">
      <Filter>Source Files\Engine\Model</Filter>
    </ClCompile>
    <ClCompile Include="Renderer.cpp">
      <Filter>Source Files\Engine\Model</Filter>
    </ClCompile>
    <ClCompile Include="GUIManager.cpp">
      <Filter>Source Files\Engine\Manager</Filter>
    </ClCompile>
    <ClCompile Include="UIBase.cpp">
      <Filter>Source Files\Engine\UI</Filter>
    </ClCompile>
    <ClCompile Include="UITestInstance.cpp">
      <Filter>Source Files\Engine\UI\Test</Filter>
    </ClCompile>
  </ItemGroup>
  <ItemGroup>
    <ClInclude Include="pch.h" />
    <ClInclude Include="EngineCore.h">
      <Filter>Source Files\Engine</Filter>
    </ClInclude>
    <ClInclude Include="define.h">
      <Filter>Source Files\Engine\Header</Filter>
    </ClInclude>
    <ClInclude Include="Scene.h">
      <Filter>Source Files\Engine\Scene</Filter>
    </ClInclude>
    <ClInclude Include="constVar.h">
      <Filter>Source Files\Engine\Header</Filter>
    </ClInclude>
    <ClInclude Include="Object.h">
      <Filter>Source Files\Engine\Object</Filter>
    </ClInclude>
    <ClInclude Include="SceneManager.h">
      <Filter>Source Files\Engine\Manager</Filter>
    </ClInclude>
    <ClInclude Include="Actor.h">
      <Filter>Source Files\Engine\Object\Actor</Filter>
    </ClInclude>
    <ClInclude Include="Component.h">
      <Filter>Source Files\Engine\Object\Component</Filter>
    </ClInclude>
    <ClInclude Include="ModelData.h">
      <Filter>Source Files\Engine\Model</Filter>
    </ClInclude>
    <ClInclude Include="Renderer.h">
      <Filter>Source Files\Engine\Model</Filter>
    </ClInclude>
    <ClInclude Include="GUIManager.h">
      <Filter>Source Files\Engine\Manager</Filter>
    </ClInclude>
    <ClInclude Include="UIBase.h">
      <Filter>Source Files\Engine\UI</Filter>
    </ClInclude>
    <ClInclude Include="UITestInstance.h">
      <Filter>Source Files\Engine\UI\Test</Filter>
    </ClInclude>
  </ItemGroup>
  <ItemGroup>
    <Image Include="Logo.png">
      <Filter>Resource Files</Filter>
    </Image>
    <Image Include="Logo44.png">
      <Filter>Resource Files</Filter>
    </Image>
    <Image Include="SmallLogo.png">
      <Filter>Resource Files</Filter>
    </Image>
    <Image Include="SplashScreen.png">
      <Filter>Resource Files</Filter>
    </Image>
    <Image Include="StoreLogo.png">
      <Filter>Resource Files</Filter>
    </Image>
    <Image Include="WideLogo.png">
      <Filter>Resource Files</Filter>
    </Image>
  </ItemGroup>
  <ItemGroup>
    <None Include="packages.config" />
  </ItemGroup>
  <ItemGroup>
    <FxCompile Include="Shaders\SimpleVS.hlsl" />
    <FxCompile Include="Shaders\SimplePS.hlsl" />
  </ItemGroup>
</Project>