<?xml version="1.0" encoding="utf-8"?>
<Project ToolsVersion="4.0" xmlns="http://schemas.microsoft.com/developer/msbuild/2003">
  <ItemGroup>
    <Filter Include="Source Files">
      <UniqueIdentifier>{4FC737F1-C7A5-4376-A066-2A32D752A2FF}</UniqueIdentifier>
      <Extensions>cpp;c;cc;cxx;c++;cppm;ixx;def;odl;idl;hpj;bat;asm;asmx</Extensions>
    </Filter>
    <Filter Include="Shaders">
      <UniqueIdentifier>{8390dc55-c591-4fee-83c2-032e7e786f43}</UniqueIdentifier>
    </Filter>
    <Filter Include="Engine">
      <UniqueIdentifier>{47ecca41-a87c-4e54-a120-c9a135ce53a4}</UniqueIdentifier>
    </Filter>
    <Filter Include="Engine\01.Header">
      <UniqueIdentifier>{cd17bf08-9672-46b6-a349-5871db47bca9}</UniqueIdentifier>
    </Filter>
    <Filter Include="Engine\02.Core">
      <UniqueIdentifier>{a317e025-5ad5-425a-8625-a28441184cdf}</UniqueIdentifier>
    </Filter>
    <Filter Include="Engine\02.Core\GameCore">
      <UniqueIdentifier>{fffe0e20-a428-461d-81a4-8fba16d76d80}</UniqueIdentifier>
    </Filter>
    <Filter Include="Engine\02.Core\DirectXBase">
      <UniqueIdentifier>{9ce60032-0618-4522-bcff-fc9645eb822e}</UniqueIdentifier>
    </Filter>
    <Filter Include="WindowsDefault">
      <UniqueIdentifier>{ec97b58c-4708-470b-8a16-42b8ff4e0edc}</UniqueIdentifier>
    </Filter>
    <Filter Include="Content">
      <UniqueIdentifier>{665a63f7-0c3e-42a8-b682-a9096a4a8a58}</UniqueIdentifier>
    </Filter>
    <Filter Include="Engine\03.Asset">
      <UniqueIdentifier>{9b2c6f37-1a48-4e5d-b0c3-2f7a9d84e611}</UniqueIdentifier>
    </Filter>
    <Filter Include="Engine\04.Editor">
      <UniqueIdentifier>{a3e8d15c-6f92-4b70-8d24-c1b5f9a7e402}</UniqueIdentifier>
    </Filter>
    <Filter Include="Engine\05.Platform">
      <UniqueIdentifier>{5c7b2e91-8d34-4a26-b1f7-0e93a4d6c218}</UniqueIdentifier>
    </Filter>
    <Filter Include="Engine\06.Scene">
      <UniqueIdentifier>{7d9f4a12-3b6e-4c58-9a21-e4c8b7f2d503}</UniqueIdentifier>
    </Filter>
    <Filter Include="Engine\07.Object">
      <UniqueIdentifier>{60997fcf-72f0-4218-9cf2-92108dc7dc20}</UniqueIdentifier>
    </Filter>
    <Filter Include="Engine\07.Object\Component">
      <UniqueIdentifier>{945e1d4f-c307-435c-a6c9-24ab01427c7c}</UniqueIdentifier>
    </Filter>
    <Filter Include="Engine\07.Object\Component\Camera">
      <UniqueIdentifier>{14df3ec2-c0ec-4c92-975a-2ff7a4c0fb50}</UniqueIdentifier>
    </Filter>
    <Filter Include="Engine\07.Object\Component\Mesh">
      <UniqueIdentifier>{cf309f1c-b086-4dd2-9472-9b1978d892f0}</UniqueIdentifier>
    </Filter>
    <Filter Include="Engine\02.Core\Manager">
      <UniqueIdentifier>{57601918-3ea5-4870-9ee7-ec9c86eb78ba}</UniqueIdentifier>
    </Filter>
    <Filter Include="Engine\02.Core\Physics">
      <UniqueIdentifier>{4671afc0-912c-42c2-a548-4021ef0415aa}</UniqueIdentifier>
    </Filter>
    <Filter Include="Engine\07.Object\Component\Physics">
      <UniqueIdentifier>{9a9f19da-fd28-401f-b77d-a480b8147df9}</UniqueIdentifier>
    </Filter>
    <Filter Include="Engine\07.Object\Tag">
      <UniqueIdentifier>{82d40a68-4ae0-4e2f-9dd8-c570d4340f86}</UniqueIdentifier>
    </Filter>
    <Filter Include="Content\02.Scene">
      <UniqueIdentifier>{ea37ff1a-673e-4bc4-8f6e-1eabd05eed50}</UniqueIdentifier>
    </Filter>
    <Filter Include="Content\03.Character">
      <UniqueIdentifier>{e1cc84c2-5c83-4e2a-a789-0ae45178c24b}</UniqueIdentifier>
    </Filter>
    <Filter Include="Content\01.Config">
      <UniqueIdentifier>{603b0d7e-4658-4fa5-8672-c452c155f10f}</UniqueIdentifier>
    </Filter>
    <Filter Include="Engine\07.Object\Animation">
      <UniqueIdentifier>{d4ec6040-2d59-4f0e-a556-0ba1b4f224e9}</UniqueIdentifier>
    </Filter>
    <Filter Include="Engine\08.UI">
      <UniqueIdentifier>{573eff2b-139e-49b9-8e64-34673a681771}</UniqueIdentifier>
    </Filter>
  </ItemGroup>
  <ItemGroup>
    <ClInclude Include="DirectXBase.h">
      <Filter>Engine\02.Core\DirectXBase</Filter>
    </ClInclude>
    <ClInclude Include="GameCore.h">
      <Filter>Engine\02.Core\GameCore</Filter>
    </ClInclude>
    <ClInclude Include="pch.h">
      <Filter>Engine\01.Header</Filter>
    </ClInclude>
    <ClInclude Include="define.h">
      <Filter>Engine\01.Header</Filter>
    </ClInclude>
    <ClInclude Include="targetver.h">
      <Filter>WindowsDefault</Filter>
    </ClInclude>
    <ClInclude Include="framework.h">
      <Filter>WindowsDefault</Filter>
    </ClInclude>
    <ClInclude Include="Platform\Input.h">
      <Filter>Engine\05.Platform</Filter>
    </ClInclude>
    <ClInclude Include="Scene\Transform.h">
      <Filter>Engine\06.Scene</Filter>
    </ClInclude>
    <ClInclude Include="Scene\Scene.h">
      <Filter>Engine\06.Scene</Filter>
    </ClInclude>
    <ClInclude Include="Scene\CameraController.h">
      <Filter>Engine\06.Scene</Filter>
    </ClInclude>
    <ClInclude Include="Asset\MiniFormat.h">
      <Filter>Engine\03.Asset</Filter>
    </ClInclude>
    <ClInclude Include="Asset\StaticMesh.h">
      <Filter>Engine\03.Asset</Filter>
    </ClInclude>
    <ClInclude Include="Asset\MiniLoader.h">
      <Filter>Engine\03.Asset</Filter>
    </ClInclude>
    <ClInclude Include="Editor\EditorUI.h">
      <Filter>Engine\04.Editor</Filter>
    </ClInclude>
    <ClInclude Include="Editor\AssimpBaker.h">
      <Filter>Engine\04.Editor</Filter>
    </ClInclude>
    <ClInclude Include="Asset\Skeleton.h">
      <Filter>Engine\03.Asset</Filter>
    </ClInclude>
    <ClInclude Include="Asset\AnimClip.h">
      <Filter>Engine\03.Asset</Filter>
    </ClInclude>
    <ClInclude Include="Asset\SkinnedMesh.h">
      <Filter>Engine\03.Asset</Filter>
    </ClInclude>
    <ClInclude Include="Core\Log.h">
      <Filter>Engine\02.Core</Filter>
    </ClInclude>
    <ClInclude Include="Core\Math.h">
      <Filter>Engine\02.Core</Filter>
    </ClInclude>
    <ClInclude Include="Core\Timer.h">
      <Filter>Engine\02.Core</Filter>
    </ClInclude>
    <ClInclude Include="Scene\SceneComponent.h">
      <Filter>Engine\07.Object\Component</Filter>
    </ClInclude>
    <ClInclude Include="Scene\Actor.h">
      <Filter>Engine\07.Object</Filter>
    </ClInclude>
    <ClInclude Include="Scene\Component.h">
      <Filter>Engine\07.Object\Component</Filter>
    </ClInclude>
    <ClInclude Include="Scene\CameraComponent.h">
      <Filter>Engine\07.Object\Component\Camera</Filter>
    </ClInclude>
    <ClInclude Include="Scene\SkeletalMeshComponent.h">
      <Filter>Engine\07.Object\Component\Mesh</Filter>
    </ClInclude>
    <ClInclude Include="Scene\StaticMeshComponent.h">
      <Filter>Engine\07.Object\Component\Mesh</Filter>
    </ClInclude>
    <ClInclude Include="Content\TestScene.h">
      <Filter>Content\02.Scene</Filter>
    </ClInclude>
    <ClInclude Include="Content\Character.h">
      <Filter>Content\03.Character</Filter>
    </ClInclude>
    <ClInclude Include="Manager\PathManager.h">
      <Filter>Engine\02.Core\Manager</Filter>
    </ClInclude>
    <ClInclude Include="Manager\AssetManager.h">
      <Filter>Engine\02.Core\Manager</Filter>
    </ClInclude>
    <ClInclude Include="Manager\SceneManager.h">
      <Filter>Engine\02.Core\Manager</Filter>
    </ClInclude>
    <ClInclude Include="Physics\PhysicsWorld.h">
      <Filter>Engine\02.Core\Physics</Filter>
    </ClInclude>
    <ClInclude Include="Scene\RigidBodyComponent.h">
      <Filter>Engine\07.Object\Component\Physics</Filter>
    </ClInclude>
    <ClInclude Include="Scene\Tag.h">
      <Filter>Engine\07.Object\Tag</Filter>
    </ClInclude>
    <ClInclude Include="Core\Graphics.h">
      <Filter>Engine\02.Core\GameCore</Filter>
    </ClInclude>
    <ClInclude Include="Animation\Animator.h">
      <Filter>Engine\07.Object\Animation</Filter>
    </ClInclude>
    <ClInclude Include="Animation\BlendClip.h">
      <Filter>Engine\07.Object\Animation</Filter>
    </ClInclude>
    <ClInclude Include="Animation\ActionClip.h">
      <Filter>Engine\07.Object\Animation</Filter>
    </ClInclude>
    <ClInclude Include="Animation\IAnimatorClip.h">
      <Filter>Engine\07.Object\Animation</Filter>
    </ClInclude>
    <ClInclude Include="Content\ContentConfig.h">
      <Filter>Content\01.Config</Filter>
    </ClInclude>
    <ClInclude Include="Manager\UIManager.h">
      <Filter>Engine\02.Core\Manager</Filter>
    </ClInclude>
    <ClInclude Include="Asset\RootMotion.h">
      <Filter>Engine\03.Asset</Filter>
    </ClInclude>
    <ClInclude Include="Scene\CharacaterControllerComponent.h">
      <Filter>Engine\07.Object\Component\Physics</Filter>
    </ClInclude>
  </ItemGroup>
  <ItemGroup>
    <ClCompile Include="DirectXBase.cpp">
      <Filter>Engine\02.Core\DirectXBase</Filter>
    </ClCompile>
    <ClCompile Include="GameCore.cpp">
      <Filter>Engine\02.Core\GameCore</Filter>
    </ClCompile>
    <ClCompile Include="pch.cpp">
      <Filter>Engine\01.Header</Filter>
    </ClCompile>
    <ClCompile Include="main.cpp">
      <Filter>Source Files</Filter>
    </ClCompile>
    <ClCompile Include="Platform\Input.cpp">
      <Filter>Engine\05.Platform</Filter>
    </ClCompile>
    <ClCompile Include="Scene\Scene.cpp">
      <Filter>Engine\06.Scene</Filter>
    </ClCompile>
    <ClCompile Include="Scene\CameraController.cpp">
      <Filter>Engine\06.Scene</Filter>
    </ClCompile>
    <ClCompile Include="Asset\StaticMesh.cpp">
      <Filter>Engine\03.Asset</Filter>
    </ClCompile>
    <ClCompile Include="Asset\MiniLoader.cpp">
      <Filter>Engine\03.Asset</Filter>
    </ClCompile>
    <ClCompile Include="Editor\EditorUI.cpp">
      <Filter>Engine\04.Editor</Filter>
    </ClCompile>
    <ClCompile Include="Editor\AssimpBaker.cpp">
      <Filter>Engine\04.Editor</Filter>
    </ClCompile>
    <ClCompile Include="Asset\AnimClip.cpp">
      <Filter>Engine\03.Asset</Filter>
    </ClCompile>
    <ClCompile Include="Asset\SkinnedMesh.cpp">
      <Filter>Engine\03.Asset</Filter>
    </ClCompile>
    <ClCompile Include="Core\Log.cpp">
      <Filter>Engine\02.Core</Filter>
    </ClCompile>
    <ClCompile Include="Core\Timer.cpp">
      <Filter>Engine\02.Core</Filter>
    </ClCompile>
    <ClCompile Include="Scene\SceneComponent.cpp">
      <Filter>Engine\07.Object\Component</Filter>
    </ClCompile>
    <ClCompile Include="Scene\Actor.cpp">
      <Filter>Engine\07.Object</Filter>
    </ClCompile>
    <ClCompile Include="Scene\CameraComponent.cpp">
      <Filter>Engine\07.Object\Component\Camera</Filter>
    </ClCompile>
    <ClCompile Include="Scene\SkeletalMeshComponent.cpp">
      <Filter>Engine\07.Object\Component\Mesh</Filter>
    </ClCompile>
    <ClCompile Include="Scene\StaticMeshComponent.cpp">
      <Filter>Engine\07.Object\Component\Mesh</Filter>
    </ClCompile>
    <ClCompile Include="Content\TestScene.cpp">
      <Filter>Content\02.Scene</Filter>
    </ClCompile>
    <ClCompile Include="Content\Character.cpp">
      <Filter>Content\03.Character</Filter>
    </ClCompile>
    <ClCompile Include="Manager\PathManager.cpp">
      <Filter>Engine\02.Core\Manager</Filter>
    </ClCompile>
    <ClCompile Include="Manager\AssetManager.cpp">
      <Filter>Engine\02.Core\Manager</Filter>
    </ClCompile>
    <ClCompile Include="Manager\SceneManager.cpp">
      <Filter>Engine\02.Core\Manager</Filter>
    </ClCompile>
    <ClCompile Include="Physics\PhysicsWorld.cpp">
      <Filter>Engine\02.Core\Physics</Filter>
    </ClCompile>
    <ClCompile Include="Scene\RigidBodyComponent.cpp">
      <Filter>Engine\07.Object\Component\Physics</Filter>
    </ClCompile>
    <ClCompile Include="Scene\Tag.cpp">
      <Filter>Engine\07.Object\Tag</Filter>
    </ClCompile>
    <ClCompile Include="Core\Graphics.cpp">
      <Filter>Engine\02.Core\GameCore</Filter>
    </ClCompile>
    <ClCompile Include="Animation\Animator.cpp">
      <Filter>Engine\07.Object\Animation</Filter>
    </ClCompile>
    <ClCompile Include="Animation\BlendClip.cpp">
      <Filter>Engine\07.Object\Animation</Filter>
    </ClCompile>
    <ClCompile Include="Animation\ActionClip.cpp">
      <Filter>Engine\07.Object\Animation</Filter>
    </ClCompile>
    <ClCompile Include="Animation\IAnimatorClip.cpp">
      <Filter>Engine\07.Object\Animation</Filter>
    </ClCompile>
    <ClCompile Include="Content\ContentConfig.cpp">
      <Filter>Content\01.Config</Filter>
    </ClCompile>
    <ClCompile Include="Manager\UIManager.cpp">
      <Filter>Engine\02.Core\Manager</Filter>
    </ClCompile>
    <ClCompile Include="Asset\RootMotion.cpp">
      <Filter>Engine\03.Asset</Filter>
    </ClCompile>
    <ClCompile Include="Scene\CharacaterControllerComponent.cpp">
      <Filter>Engine\07.Object\Component\Physics</Filter>
    </ClCompile>
  </ItemGroup>
  <ItemGroup>
    <None Include="Shaders\Mecro.hlsli">
      <Filter>Shaders</Filter>
    </None>
    <None Include="Shaders\VertexShader.hlsl">
      <Filter>Shaders</Filter>
    </None>
    <None Include="Shaders\PixelShader.hlsl">
      <Filter>Shaders</Filter>
    </None>
    <None Include="Shaders\CanvasVertexShader.hlsl">
      <Filter>Shaders</Filter>
    </None>
    <None Include="Shaders\CanvasPixelShader.hlsl">
      <Filter>Shaders</Filter>
    </None>
    <None Include="Shaders\Triangle.hlsl">
      <Filter>Shaders</Filter>
    </None>
    <None Include="Shaders\SceneColor.hlsl">
      <Filter>Shaders</Filter>
    </None>
    <None Include="Shaders\StaticMeshLambert.hlsl">
      <Filter>Shaders</Filter>
    </None>
    <None Include="Shaders\SkinnedMeshLambert.hlsl">
      <Filter>Shaders</Filter>
    </None>
    <None Include="..\Assets\pyramid.obj">
      <Filter>Engine\03.Asset</Filter>
    </None>
  </ItemGroup>
</Project>